
Microsoft Visual Studio Solution File, Format Version 12.00
Project("{2150E333-8FDC-42A3-9474-1A3956D46DE8}") = "Services", "Services", "{E2BA3871-D371-4636-874A-D2CA41FC7B07}"
EndProject
Project("{2150E333-8FDC-42A3-9474-1A3956D46DE8}") = "Catalog", "Catalog", "{0D51FF55-340B-43DD-AD68-04DA73434660}"
EndProject
Project("{FAE04EC0-301F-11D3-BF4B-00C04F79EFBC}") = "Catalog.API", "Services\Catalog\Catalog.API\Catalog.API.csproj", "{14D6151B-4568-48D0-983D-304241F57E6E}"
EndProject
Global
	GlobalSection(SolutionConfigurationPlatforms) = preSolution
		Debug|Any CPU = Debug|Any CPU
		Release|Any CPU = Release|Any CPU
	EndGlobalSection
	GlobalSection(NestedProjects) = preSolution
		{0D51FF55-340B-43DD-AD68-04DA73434660} = {E2BA3871-D371-4636-874A-D2CA41FC7B07}
		{14D6151B-4568-48D0-983D-304241F57E6E} = {0D51FF55-340B-43DD-AD68-04DA73434660}
	EndGlobalSection
	GlobalSection(ProjectConfigurationPlatforms) = postSolution
		{14D6151B-4568-48D0-983D-304241F57E6E}.Debug|Any CPU.ActiveCfg = Debug|Any CPU
		{14D6151B-4568-48D0-983D-304241F57E6E}.Debug|Any CPU.Build.0 = Debug|Any CPU
		{14D6151B-4568-48D0-983D-304241F57E6E}.Release|Any CPU.ActiveCfg = Release|Any CPU
		{14D6151B-4568-48D0-983D-304241F57E6E}.Release|Any CPU.Build.0 = Release|Any CPU
	EndGlobalSection
EndGlobal
