
Microsoft Visual Studio Solution File, Format Version 12.00
Project("{2150E333-8FDC-42A3-9474-1A3956D46DE8}") = "Services", "Services", "{E2BA3871-D371-4636-874A-D2CA41FC7B07}"
EndProject
Project("{2150E333-8FDC-42A3-9474-1A3956D46DE8}") = "Catalog", "Catalog", "{0D51FF55-340B-43DD-AD68-04DA73434660}"
EndProject
Project("{FAE04EC0-301F-11D3-BF4B-00C04F79EFBC}") = "Catalog.API", "Services\Catalog\Catalog.API\Catalog.API.csproj", "{14D6151B-4568-48D0-983D-304241F57E6E}"
EndProject
Project("{2150E333-8FDC-42A3-9474-1A3956D46DE8}") = "Basket", "Basket", "{B9CC70E7-E1DC-4E4B-843A-10C5A3C84BD8}"
EndProject
Project("{FAE04EC0-301F-11D3-BF4B-00C04F79EFBC}") = "Basket.API", "Services\Basket\Basket.API\Basket.API.csproj", "{BF202DF2-4D2A-40D0-86D3-173DA21BBACF}"
EndProject
Project("{2150E333-8FDC-42A3-9474-1A3956D46DE8}") = "Discount", "Discount", "{9754266A-A0BF-48DD-96A8-51C4B577382D}"
EndProject
Project("{FAE04EC0-301F-11D3-BF4B-00C04F79EFBC}") = "Discount.API", "Services\Discount\Discount.API\Discount.API.csproj", "{DCC3F59E-07A0-42AF-A53E-078D7ED02049}"
EndProject
Project("{FAE04EC0-301F-11D3-BF4B-00C04F79EFBC}") = "Discount.Grpc", "Services\Discount\Discount.Grpc\Discount.Grpc.csproj", "{FF8AB5EE-627B-417C-8DF8-81AEBA359FE8}"
EndProject
Project("{FAE04EC0-301F-11D3-BF4B-00C04F79EFBC}") = "Discount.DataAccess", "Services\Discount\Discount.DataAccess\Discount.DataAccess.csproj", "{95887523-939A-4D6A-AB72-AAAC574C1463}"
EndProject
Global
	GlobalSection(SolutionConfigurationPlatforms) = preSolution
		Debug|Any CPU = Debug|Any CPU
		Release|Any CPU = Release|Any CPU
	EndGlobalSection
	GlobalSection(NestedProjects) = preSolution
		{0D51FF55-340B-43DD-AD68-04DA73434660} = {E2BA3871-D371-4636-874A-D2CA41FC7B07}
		{14D6151B-4568-48D0-983D-304241F57E6E} = {0D51FF55-340B-43DD-AD68-04DA73434660}
		{B9CC70E7-E1DC-4E4B-843A-10C5A3C84BD8} = {E2BA3871-D371-4636-874A-D2CA41FC7B07}
		{BF202DF2-4D2A-40D0-86D3-173DA21BBACF} = {B9CC70E7-E1DC-4E4B-843A-10C5A3C84BD8}
		{9754266A-A0BF-48DD-96A8-51C4B577382D} = {E2BA3871-D371-4636-874A-D2CA41FC7B07}
		{DCC3F59E-07A0-42AF-A53E-078D7ED02049} = {9754266A-A0BF-48DD-96A8-51C4B577382D}
		{FF8AB5EE-627B-417C-8DF8-81AEBA359FE8} = {9754266A-A0BF-48DD-96A8-51C4B577382D}
		{95887523-939A-4D6A-AB72-AAAC574C1463} = {9754266A-A0BF-48DD-96A8-51C4B577382D}
	EndGlobalSection
	GlobalSection(ProjectConfigurationPlatforms) = postSolution
		{14D6151B-4568-48D0-983D-304241F57E6E}.Debug|Any CPU.ActiveCfg = Debug|Any CPU
		{14D6151B-4568-48D0-983D-304241F57E6E}.Debug|Any CPU.Build.0 = Debug|Any CPU
		{14D6151B-4568-48D0-983D-304241F57E6E}.Release|Any CPU.ActiveCfg = Release|Any CPU
		{14D6151B-4568-48D0-983D-304241F57E6E}.Release|Any CPU.Build.0 = Release|Any CPU
		{BF202DF2-4D2A-40D0-86D3-173DA21BBACF}.Debug|Any CPU.ActiveCfg = Debug|Any CPU
		{BF202DF2-4D2A-40D0-86D3-173DA21BBACF}.Debug|Any CPU.Build.0 = Debug|Any CPU
		{BF202DF2-4D2A-40D0-86D3-173DA21BBACF}.Release|Any CPU.ActiveCfg = Release|Any CPU
		{BF202DF2-4D2A-40D0-86D3-173DA21BBACF}.Release|Any CPU.Build.0 = Release|Any CPU
		{DCC3F59E-07A0-42AF-A53E-078D7ED02049}.Debug|Any CPU.ActiveCfg = Debug|Any CPU
		{DCC3F59E-07A0-42AF-A53E-078D7ED02049}.Debug|Any CPU.Build.0 = Debug|Any CPU
		{DCC3F59E-07A0-42AF-A53E-078D7ED02049}.Release|Any CPU.ActiveCfg = Release|Any CPU
		{DCC3F59E-07A0-42AF-A53E-078D7ED02049}.Release|Any CPU.Build.0 = Release|Any CPU
		{FF8AB5EE-627B-417C-8DF8-81AEBA359FE8}.Debug|Any CPU.ActiveCfg = Debug|Any CPU
		{FF8AB5EE-627B-417C-8DF8-81AEBA359FE8}.Debug|Any CPU.Build.0 = Debug|Any CPU
		{FF8AB5EE-627B-417C-8DF8-81AEBA359FE8}.Release|Any CPU.ActiveCfg = Release|Any CPU
		{FF8AB5EE-627B-417C-8DF8-81AEBA359FE8}.Release|Any CPU.Build.0 = Release|Any CPU
		{95887523-939A-4D6A-AB72-AAAC574C1463}.Debug|Any CPU.ActiveCfg = Debug|Any CPU
		{95887523-939A-4D6A-AB72-AAAC574C1463}.Debug|Any CPU.Build.0 = Debug|Any CPU
		{95887523-939A-4D6A-AB72-AAAC574C1463}.Release|Any CPU.ActiveCfg = Release|Any CPU
		{95887523-939A-4D6A-AB72-AAAC574C1463}.Release|Any CPU.Build.0 = Release|Any CPU
	EndGlobalSection
EndGlobal
